
Microsoft Visual Studio Solution File, Format Version 12.00
# Visual Studio Version 17
VisualStudioVersion = 17.13.35818.85 d17.13
MinimumVisualStudioVersion = 10.0.40219.1
Project("{FAE04EC0-301F-11D3-BF4B-00C04F79EFBC}") = "ConsoleApp2", "ConsoleApp2.csproj", "{6F9591C4-A98E-4239-A96E-24E0438C9B0C}"
EndProject
Global
	GlobalSection(SolutionConfigurationPlatforms) = preSolution
		Debug|Any CPU = Debug|Any CPU
		Release|Any CPU = Release|Any CPU
	EndGlobalSection
	GlobalSection(ProjectConfigurationPlatforms) = postSolution
		{6F9591C4-A98E-4239-A96E-24E0438C9B0C}.Debug|Any CPU.ActiveCfg = Debug|Any CPU
		{6F9591C4-A98E-4239-A96E-24E0438C9B0C}.Debug|Any CPU.Build.0 = Debug|Any CPU
		{6F9591C4-A98E-4239-A96E-24E0438C9B0C}.Release|Any CPU.ActiveCfg = Release|Any CPU
		{6F9591C4-A98E-4239-A96E-24E0438C9B0C}.Release|Any CPU.Build.0 = Release|Any CPU
	EndGlobalSection
	GlobalSection(SolutionProperties) = preSolution
		HideSolutionNode = FALSE
	EndGlobalSection
	GlobalSection(ExtensibilityGlobals) = postSolution
		SolutionGuid = {FBA19C34-CB55-4AEC-827F-3BF468C71F0E}
	EndGlobalSection
EndGlobal
